
Microsoft Visual Studio Solution File, Format Version 12.00
# Visual Studio Version 17
VisualStudioVersion = 17.4.33213.308
MinimumVisualStudioVersion = 10.0.40219.1
Project("{FAE04EC0-301F-11D3-BF4B-00C04F79EFBC}") = "BetterGuestBook", "BetterGuestBook\BetterGuestBook.csproj", "{AFA5B80E-D963-4973-A968-E919874A4330}"
EndProject
Project("{FAE04EC0-301F-11D3-BF4B-00C04F79EFBC}") = "GuestBookLibrary", "GuestBookLibrary\GuestBookLibrary.csproj", "{889557A3-B2E8-4ED3-BEB6-D8F7B6D6A1DF}"
EndProject
Global
	GlobalSection(SolutionConfigurationPlatforms) = preSolution
		Debug|Any CPU = Debug|Any CPU
		Release|Any CPU = Release|Any CPU
	EndGlobalSection
	GlobalSection(ProjectConfigurationPlatforms) = postSolution
		{AFA5B80E-D963-4973-A968-E919874A4330}.Debug|Any CPU.ActiveCfg = Debug|Any CPU
		{AFA5B80E-D963-4973-A968-E919874A4330}.Debug|Any CPU.Build.0 = Debug|Any CPU
		{AFA5B80E-D963-4973-A968-E919874A4330}.Release|Any CPU.ActiveCfg = Release|Any CPU
		{AFA5B80E-D963-4973-A968-E919874A4330}.Release|Any CPU.Build.0 = Release|Any CPU
		{889557A3-B2E8-4ED3-BEB6-D8F7B6D6A1DF}.Debug|Any CPU.ActiveCfg = Debug|Any CPU
		{889557A3-B2E8-4ED3-BEB6-D8F7B6D6A1DF}.Debug|Any CPU.Build.0 = Debug|Any CPU
		{889557A3-B2E8-4ED3-BEB6-D8F7B6D6A1DF}.Release|Any CPU.ActiveCfg = Release|Any CPU
		{889557A3-B2E8-4ED3-BEB6-D8F7B6D6A1DF}.Release|Any CPU.Build.0 = Release|Any CPU
	EndGlobalSection
	GlobalSection(SolutionProperties) = preSolution
		HideSolutionNode = FALSE
	EndGlobalSection
	GlobalSection(ExtensibilityGlobals) = postSolution
		SolutionGuid = {61555111-B77C-481B-A5F1-1E92D8EF7105}
	EndGlobalSection
EndGlobal
